
Microsoft Visual Studio Solution File, Format Version 12.00
# Visual Studio Version 17
VisualStudioVersion = 17.5.33530.505
MinimumVisualStudioVersion = 10.0.40219.1
Project("{FAE04EC0-301F-11D3-BF4B-00C04F79EFBC}") = "LINQ", "LINQ\LINQ.csproj", "{7501DF51-3D1F-47DD-A7DB-200753F02873}"
EndProject
Global
	GlobalSection(SolutionConfigurationPlatforms) = preSolution
		Debug|Any CPU = Debug|Any CPU
		Release|Any CPU = Release|Any CPU
	EndGlobalSection
	GlobalSection(ProjectConfigurationPlatforms) = postSolution
		{7501DF51-3D1F-47DD-A7DB-200753F02873}.Debug|Any CPU.ActiveCfg = Debug|Any CPU
		{7501DF51-3D1F-47DD-A7DB-200753F02873}.Debug|Any CPU.Build.0 = Debug|Any CPU
		{7501DF51-3D1F-47DD-A7DB-200753F02873}.Release|Any CPU.ActiveCfg = Release|Any CPU
		{7501DF51-3D1F-47DD-A7DB-200753F02873}.Release|Any CPU.Build.0 = Release|Any CPU
	EndGlobalSection
	GlobalSection(SolutionProperties) = preSolution
		HideSolutionNode = FALSE
	EndGlobalSection
	GlobalSection(ExtensibilityGlobals) = postSolution
		SolutionGuid = {18DFB4F9-C6EE-4769-B563-2D3C8BE5BE5E}
	EndGlobalSection
EndGlobal
