
Microsoft Visual Studio Solution File, Format Version 12.00
# Visual Studio Version 17
VisualStudioVersion = 17.5.33530.505
MinimumVisualStudioVersion = 10.0.40219.1
Project("{FAE04EC0-301F-11D3-BF4B-00C04F79EFBC}") = "EFCodeFirst", "EFCodeFirst\EFCodeFirst.csproj", "{FC361E1A-DCDE-4DE5-A01E-C3736C3D5794}"
EndProject
Global
	GlobalSection(SolutionConfigurationPlatforms) = preSolution
		Debug|Any CPU = Debug|Any CPU
		Release|Any CPU = Release|Any CPU
	EndGlobalSection
	GlobalSection(ProjectConfigurationPlatforms) = postSolution
		{FC361E1A-DCDE-4DE5-A01E-C3736C3D5794}.Debug|Any CPU.ActiveCfg = Debug|Any CPU
		{FC361E1A-DCDE-4DE5-A01E-C3736C3D5794}.Debug|Any CPU.Build.0 = Debug|Any CPU
		{FC361E1A-DCDE-4DE5-A01E-C3736C3D5794}.Release|Any CPU.ActiveCfg = Release|Any CPU
		{FC361E1A-DCDE-4DE5-A01E-C3736C3D5794}.Release|Any CPU.Build.0 = Release|Any CPU
	EndGlobalSection
	GlobalSection(SolutionProperties) = preSolution
		HideSolutionNode = FALSE
	EndGlobalSection
	GlobalSection(ExtensibilityGlobals) = postSolution
		SolutionGuid = {C2E4765A-A997-447C-A2A0-7F7651A59049}
	EndGlobalSection
EndGlobal
